
Microsoft Visual Studio Solution File, Format Version 12.00
# Visual Studio 15
VisualStudioVersion = 15.0.27130.2010
MinimumVisualStudioVersion = 10.0.40219.1
Project("{FAE04EC0-301F-11D3-BF4B-00C04F79EFBC}") = "MvvmCrossViewNotFound.Core", "src\MvvmCrossViewNotFound.Core\MvvmCrossViewNotFound.Core.csproj", "{59CC4C3F-087D-4971-BD5D-C5ECF48B5613}"
EndProject
Project("{FAE04EC0-301F-11D3-BF4B-00C04F79EFBC}") = "MvvmCrossViewNotFound.Droid", "src\MvvmCrossViewNotFound.Droid\MvvmCrossViewNotFound.Droid.csproj", "{0E171084-ED82-4392-BAE0-64BCCA5272AA}"
EndProject
Global
	GlobalSection(SolutionConfigurationPlatforms) = preSolution
		Debug|Any CPU = Debug|Any CPU
		Debug|ARM = Debug|ARM
		Debug|iPhone = Debug|iPhone
		Debug|iPhoneSimulator = Debug|iPhoneSimulator
		Debug|x64 = Debug|x64
		Debug|x86 = Debug|x86
		Release|Any CPU = Release|Any CPU
		Release|ARM = Release|ARM
		Release|iPhone = Release|iPhone
		Release|iPhoneSimulator = Release|iPhoneSimulator
		Release|x64 = Release|x64
		Release|x86 = Release|x86
	EndGlobalSection
	GlobalSection(ProjectConfigurationPlatforms) = postSolution
		{59CC4C3F-087D-4971-BD5D-C5ECF48B5613}.Debug|Any CPU.ActiveCfg = Debug|Any CPU
		{59CC4C3F-087D-4971-BD5D-C5ECF48B5613}.Debug|Any CPU.Build.0 = Debug|Any CPU
		{59CC4C3F-087D-4971-BD5D-C5ECF48B5613}.Debug|ARM.ActiveCfg = Debug|Any CPU
		{59CC4C3F-087D-4971-BD5D-C5ECF48B5613}.Debug|ARM.Build.0 = Debug|Any CPU
		{59CC4C3F-087D-4971-BD5D-C5ECF48B5613}.Debug|iPhone.ActiveCfg = Debug|Any CPU
		{59CC4C3F-087D-4971-BD5D-C5ECF48B5613}.Debug|iPhone.Build.0 = Debug|Any CPU
		{59CC4C3F-087D-4971-BD5D-C5ECF48B5613}.Debug|iPhoneSimulator.ActiveCfg = Debug|Any CPU
		{59CC4C3F-087D-4971-BD5D-C5ECF48B5613}.Debug|iPhoneSimulator.Build.0 = Debug|Any CPU
		{59CC4C3F-087D-4971-BD5D-C5ECF48B5613}.Debug|x64.ActiveCfg = Debug|Any CPU
		{59CC4C3F-087D-4971-BD5D-C5ECF48B5613}.Debug|x64.Build.0 = Debug|Any CPU
		{59CC4C3F-087D-4971-BD5D-C5ECF48B5613}.Debug|x86.ActiveCfg = Debug|Any CPU
		{59CC4C3F-087D-4971-BD5D-C5ECF48B5613}.Debug|x86.Build.0 = Debug|Any CPU
		{59CC4C3F-087D-4971-BD5D-C5ECF48B5613}.Release|Any CPU.ActiveCfg = Release|Any CPU
		{59CC4C3F-087D-4971-BD5D-C5ECF48B5613}.Release|Any CPU.Build.0 = Release|Any CPU
		{59CC4C3F-087D-4971-BD5D-C5ECF48B5613}.Release|ARM.ActiveCfg = Release|Any CPU
		{59CC4C3F-087D-4971-BD5D-C5ECF48B5613}.Release|ARM.Build.0 = Release|Any CPU
		{59CC4C3F-087D-4971-BD5D-C5ECF48B5613}.Release|iPhone.ActiveCfg = Release|Any CPU
		{59CC4C3F-087D-4971-BD5D-C5ECF48B5613}.Release|iPhone.Build.0 = Release|Any CPU
		{59CC4C3F-087D-4971-BD5D-C5ECF48B5613}.Release|iPhoneSimulator.ActiveCfg = Release|Any CPU
		{59CC4C3F-087D-4971-BD5D-C5ECF48B5613}.Release|iPhoneSimulator.Build.0 = Release|Any CPU
		{59CC4C3F-087D-4971-BD5D-C5ECF48B5613}.Release|x64.ActiveCfg = Release|Any CPU
		{59CC4C3F-087D-4971-BD5D-C5ECF48B5613}.Release|x64.Build.0 = Release|Any CPU
		{59CC4C3F-087D-4971-BD5D-C5ECF48B5613}.Release|x86.ActiveCfg = Release|Any CPU
		{59CC4C3F-087D-4971-BD5D-C5ECF48B5613}.Release|x86.Build.0 = Release|Any CPU
		{0E171084-ED82-4392-BAE0-64BCCA5272AA}.Debug|Any CPU.ActiveCfg = Debug|Any CPU
		{0E171084-ED82-4392-BAE0-64BCCA5272AA}.Debug|Any CPU.Build.0 = Debug|Any CPU
		{0E171084-ED82-4392-BAE0-64BCCA5272AA}.Debug|Any CPU.Deploy.0 = Debug|Any CPU
		{0E171084-ED82-4392-BAE0-64BCCA5272AA}.Debug|ARM.ActiveCfg = Debug|Any CPU
		{0E171084-ED82-4392-BAE0-64BCCA5272AA}.Debug|ARM.Build.0 = Debug|Any CPU
		{0E171084-ED82-4392-BAE0-64BCCA5272AA}.Debug|ARM.Deploy.0 = Debug|Any CPU
		{0E171084-ED82-4392-BAE0-64BCCA5272AA}.Debug|iPhone.ActiveCfg = Debug|Any CPU
		{0E171084-ED82-4392-BAE0-64BCCA5272AA}.Debug|iPhone.Build.0 = Debug|Any CPU
		{0E171084-ED82-4392-BAE0-64BCCA5272AA}.Debug|iPhone.Deploy.0 = Debug|Any CPU
		{0E171084-ED82-4392-BAE0-64BCCA5272AA}.Debug|iPhoneSimulator.ActiveCfg = Debug|Any CPU
		{0E171084-ED82-4392-BAE0-64BCCA5272AA}.Debug|iPhoneSimulator.Build.0 = Debug|Any CPU
		{0E171084-ED82-4392-BAE0-64BCCA5272AA}.Debug|iPhoneSimulator.Deploy.0 = Debug|Any CPU
		{0E171084-ED82-4392-BAE0-64BCCA5272AA}.Debug|x64.ActiveCfg = Debug|Any CPU
		{0E171084-ED82-4392-BAE0-64BCCA5272AA}.Debug|x64.Build.0 = Debug|Any CPU
		{0E171084-ED82-4392-BAE0-64BCCA5272AA}.Debug|x64.Deploy.0 = Debug|Any CPU
		{0E171084-ED82-4392-BAE0-64BCCA5272AA}.Debug|x86.ActiveCfg = Debug|Any CPU
		{0E171084-ED82-4392-BAE0-64BCCA5272AA}.Debug|x86.Build.0 = Debug|Any CPU
		{0E171084-ED82-4392-BAE0-64BCCA5272AA}.Debug|x86.Deploy.0 = Debug|Any CPU
		{0E171084-ED82-4392-BAE0-64BCCA5272AA}.Release|Any CPU.ActiveCfg = Release|Any CPU
		{0E171084-ED82-4392-BAE0-64BCCA5272AA}.Release|Any CPU.Build.0 = Release|Any CPU
		{0E171084-ED82-4392-BAE0-64BCCA5272AA}.Release|Any CPU.Deploy.0 = Release|Any CPU
		{0E171084-ED82-4392-BAE0-64BCCA5272AA}.Release|ARM.ActiveCfg = Release|Any CPU
		{0E171084-ED82-4392-BAE0-64BCCA5272AA}.Release|ARM.Build.0 = Release|Any CPU
		{0E171084-ED82-4392-BAE0-64BCCA5272AA}.Release|ARM.Deploy.0 = Release|Any CPU
		{0E171084-ED82-4392-BAE0-64BCCA5272AA}.Release|iPhone.ActiveCfg = Release|Any CPU
		{0E171084-ED82-4392-BAE0-64BCCA5272AA}.Release|iPhone.Build.0 = Release|Any CPU
		{0E171084-ED82-4392-BAE0-64BCCA5272AA}.Release|iPhone.Deploy.0 = Release|Any CPU
		{0E171084-ED82-4392-BAE0-64BCCA5272AA}.Release|iPhoneSimulator.ActiveCfg = Release|Any CPU
		{0E171084-ED82-4392-BAE0-64BCCA5272AA}.Release|iPhoneSimulator.Build.0 = Release|Any CPU
		{0E171084-ED82-4392-BAE0-64BCCA5272AA}.Release|iPhoneSimulator.Deploy.0 = Release|Any CPU
		{0E171084-ED82-4392-BAE0-64BCCA5272AA}.Release|x64.ActiveCfg = Release|Any CPU
		{0E171084-ED82-4392-BAE0-64BCCA5272AA}.Release|x64.Build.0 = Release|Any CPU
		{0E171084-ED82-4392-BAE0-64BCCA5272AA}.Release|x64.Deploy.0 = Release|Any CPU
		{0E171084-ED82-4392-BAE0-64BCCA5272AA}.Release|x86.ActiveCfg = Release|Any CPU
		{0E171084-ED82-4392-BAE0-64BCCA5272AA}.Release|x86.Build.0 = Release|Any CPU
		{0E171084-ED82-4392-BAE0-64BCCA5272AA}.Release|x86.Deploy.0 = Release|Any CPU
	EndGlobalSection
	GlobalSection(SolutionProperties) = preSolution
		HideSolutionNode = FALSE
	EndGlobalSection
	GlobalSection(ExtensibilityGlobals) = postSolution
		SolutionGuid = {86DA328D-A83F-4846-A02B-E61B4F9A0278}
	EndGlobalSection
EndGlobal
